// !$*UTF8*$!
{
	archiveVersion = 1;
	classes = {
	};
	objectVersion = 46;
	objects = {

/* Begin PBXBuildFile section */
		22396DDDB393E75700681363 /* libPods-GogoTVUITests.a in Frameworks */ = {isa = PBXBuildFile; fileRef = 9BBCFA86BA985B8156FF769D /* libPods-GogoTVUITests.a */; };
		5073A8D3D2913A4FF5D25B34 /* libPods-GogoTVTests.a in Frameworks */ = {isa = PBXBuildFile; fileRef = F5C95B916F984FF89612EBB2 /* libPods-GogoTVTests.a */; };
		7E1059451EADF551007F957F /* GNavigatorManager.m in Sources */ = {isa = PBXBuildFile; fileRef = 7E1059321EADF551007F957F /* GNavigatorManager.m */; };
		7E1059461EADF551007F957F /* GNavigationViewController.m in Sources */ = {isa = PBXBuildFile; fileRef = 7E1059351EADF551007F957F /* GNavigationViewController.m */; };
		7E1059481EADF551007F957F /* GBridgeManager.m in Sources */ = {isa = PBXBuildFile; fileRef = 7E10593B1EADF551007F957F /* GBridgeManager.m */; };
		7E1059491EADF551007F957F /* GAppRCTModule.m in Sources */ = {isa = PBXBuildFile; fileRef = 7E10593E1EADF551007F957F /* GAppRCTModule.m */; };
		7E10594A1EADF551007F957F /* GRCTViewController.m in Sources */ = {isa = PBXBuildFile; fileRef = 7E1059411EADF551007F957F /* GRCTViewController.m */; };
		7E10594B1EADF551007F957F /* GUtil.m in Sources */ = {isa = PBXBuildFile; fileRef = 7E1059441EADF551007F957F /* GUtil.m */; };
		7E1777941EB97E020018678F /* AudioToolbox.framework in Frameworks */ = {isa = PBXBuildFile; fileRef = 7E1777931EB97E020018678F /* AudioToolbox.framework */; };
		7E1777961EB97E0F0018678F /* AVFoundation.framework in Frameworks */ = {isa = PBXBuildFile; fileRef = 7E1777951EB97E0F0018678F /* AVFoundation.framework */; };
		7E1777981EB97E180018678F /* CoreGraphics.framework in Frameworks */ = {isa = PBXBuildFile; fileRef = 7E1777971EB97E180018678F /* CoreGraphics.framework */; };
		7E17779A1EB97E220018678F /* CoreMedia.framework in Frameworks */ = {isa = PBXBuildFile; fileRef = 7E1777991EB97E220018678F /* CoreMedia.framework */; };
		7E17779C1EB97E280018678F /* CoreVideo.framework in Frameworks */ = {isa = PBXBuildFile; fileRef = 7E17779B1EB97E280018678F /* CoreVideo.framework */; };
		7E17779E1EB97E300018678F /* libbz2.tbd in Frameworks */ = {isa = PBXBuildFile; fileRef = 7E17779D1EB97E300018678F /* libbz2.tbd */; };
		7E1777A01EB97E3A0018678F /* libz.tbd in Frameworks */ = {isa = PBXBuildFile; fileRef = 7E17779F1EB97E3A0018678F /* libz.tbd */; };
		7E1777A21EB97E400018678F /* MediaPlayer.framework in Frameworks */ = {isa = PBXBuildFile; fileRef = 7E1777A11EB97E400018678F /* MediaPlayer.framework */; };
		7E1777A41EB97E480018678F /* MobileCoreServices.framework in Frameworks */ = {isa = PBXBuildFile; fileRef = 7E1777A31EB97E480018678F /* MobileCoreServices.framework */; };
		7E1777A61EB97E500018678F /* OpenGLES.framework in Frameworks */ = {isa = PBXBuildFile; fileRef = 7E1777A51EB97E500018678F /* OpenGLES.framework */; };
		7E1777A81EB97E560018678F /* QuartzCore.framework in Frameworks */ = {isa = PBXBuildFile; fileRef = 7E1777A71EB97E560018678F /* QuartzCore.framework */; };
		7E1777AA1EB97E5F0018678F /* UIKit.framework in Frameworks */ = {isa = PBXBuildFile; fileRef = 7E1777A91EB97E5F0018678F /* UIKit.framework */; };
		7E1777AC1EB97E670018678F /* VideoToolbox.framework in Frameworks */ = {isa = PBXBuildFile; fileRef = 7E1777AB1EB97E670018678F /* VideoToolbox.framework */; };
		7E1777B01EB97EC00018678F /* TestPlayerViewController.m in Sources */ = {isa = PBXBuildFile; fileRef = 7E1777AE1EB97EC00018678F /* TestPlayerViewController.m */; };
		7E1778091EB988A50018678F /* IJKMediaFramework.framework in Frameworks */ = {isa = PBXBuildFile; fileRef = 7E1777F91EB985110018678F /* IJKMediaFramework.framework */; };
		7E2676221EC1E4070075E025 /* libRCTAnimation.a in Frameworks */ = {isa = PBXBuildFile; fileRef = 7E26761D1EC1E3FB0075E025 /* libRCTAnimation.a */; };
		7E84B6EE1EA62F1800F99052 /* main.m in Sources */ = {isa = PBXBuildFile; fileRef = 7E84B6ED1EA62F1800F99052 /* main.m */; };
		7E84B6F11EA62F1800F99052 /* AppDelegate.m in Sources */ = {isa = PBXBuildFile; fileRef = 7E84B6F01EA62F1800F99052 /* AppDelegate.m */; };
		7E84B6F91EA62F1800F99052 /* Assets.xcassets in Resources */ = {isa = PBXBuildFile; fileRef = 7E84B6F81EA62F1800F99052 /* Assets.xcassets */; };
		7E84B6FC1EA62F1800F99052 /* LaunchScreen.storyboard in Resources */ = {isa = PBXBuildFile; fileRef = 7E84B6FA1EA62F1800F99052 /* LaunchScreen.storyboard */; };
		7E84B7071EA62F1800F99052 /* GogoTVTests.m in Sources */ = {isa = PBXBuildFile; fileRef = 7E84B7061EA62F1800F99052 /* GogoTVTests.m */; };
		7E84B7121EA62F1800F99052 /* GogoTVUITests.m in Sources */ = {isa = PBXBuildFile; fileRef = 7E84B7111EA62F1800F99052 /* GogoTVUITests.m */; };
		7E970CB41EB1C0B2009D4DFD /* GRootViewController.m in Sources */ = {isa = PBXBuildFile; fileRef = 7E970CB31EB1C0B2009D4DFD /* GRootViewController.m */; };
		7EB7385A1EB22A51003AB74A /* GNavigationRCTModule.m in Sources */ = {isa = PBXBuildFile; fileRef = 7EB738591EB22A51003AB74A /* GNavigationRCTModule.m */; };
		B82C6A15E5144B430558EF4C /* libPods-GogoTV.a in Frameworks */ = {isa = PBXBuildFile; fileRef = 967B128B2D3861E5473E978B /* libPods-GogoTV.a */; };
/* End PBXBuildFile section */

/* Begin PBXContainerItemProxy section */
		7E1777F81EB985110018678F /* PBXContainerItemProxy */ = {
			isa = PBXContainerItemProxy;
			containerPortal = 7E1777F21EB985110018678F /* IJKMediaPlayer.xcodeproj */;
			proxyType = 2;
			remoteGlobalIDString = E654EA8A1B6B27E600B0F2D0;
			remoteInfo = IJKMediaFramework;
		};
		7E1777FA1EB985110018678F /* PBXContainerItemProxy */ = {
			isa = PBXContainerItemProxy;
			containerPortal = 7E1777F21EB985110018678F /* IJKMediaPlayer.xcodeproj */;
			proxyType = 2;
			remoteGlobalIDString = 5450B0431E63EA4300568494;
			remoteInfo = IJKMediaFrameworkWithSSL;
		};
		7E1777FC1EB985110018678F /* PBXContainerItemProxy */ = {
			isa = PBXContainerItemProxy;
			containerPortal = 7E1777F21EB985110018678F /* IJKMediaPlayer.xcodeproj */;
			proxyType = 2;
			remoteGlobalIDString = E654EA941B6B27E600B0F2D0;
			remoteInfo = IJKMediaFrameworkTests;
		};
		7E1778071EB9870A0018678F /* PBXContainerItemProxy */ = {
			isa = PBXContainerItemProxy;
			containerPortal = 7E1777F21EB985110018678F /* IJKMediaPlayer.xcodeproj */;
			proxyType = 1;
			remoteGlobalIDString = E654EA891B6B27E600B0F2D0;
			remoteInfo = IJKMediaFramework;
		};
		7E17780F1EB988CC0018678F /* PBXContainerItemProxy */ = {
			isa = PBXContainerItemProxy;
			containerPortal = 7E17780A1EB988CB0018678F /* IJKMediaDemo.xcodeproj */;
			proxyType = 2;
			remoteGlobalIDString = E6903EFC17EAF70200CFD954;
			remoteInfo = IJKMediaDemo;
		};
		7E26761C1EC1E3FB0075E025 /* PBXContainerItemProxy */ = {
			isa = PBXContainerItemProxy;
			containerPortal = 7E2676171EC1E3FB0075E025 /* RCTAnimation.xcodeproj */;
			proxyType = 2;
			remoteGlobalIDString = 134814201AA4EA6300B7C361;
			remoteInfo = RCTAnimation;
		};
		7E26761E1EC1E3FB0075E025 /* PBXContainerItemProxy */ = {
			isa = PBXContainerItemProxy;
			containerPortal = 7E2676171EC1E3FB0075E025 /* RCTAnimation.xcodeproj */;
			proxyType = 2;
			remoteGlobalIDString = 2D2A28201D9B03D100D4039D;
			remoteInfo = "RCTAnimation-tvOS";
		};
		7E2676201EC1E4010075E025 /* PBXContainerItemProxy */ = {
			isa = PBXContainerItemProxy;
			containerPortal = 7E2676171EC1E3FB0075E025 /* RCTAnimation.xcodeproj */;
			proxyType = 1;
			remoteGlobalIDString = 58B511DA1A9E6C8500147676;
			remoteInfo = RCTAnimation;
		};
		7E84B7031EA62F1800F99052 /* PBXContainerItemProxy */ = {
			isa = PBXContainerItemProxy;
			containerPortal = 7E84B6E11EA62F1700F99052 /* Project object */;
			proxyType = 1;
			remoteGlobalIDString = 7E84B6E81EA62F1700F99052;
			remoteInfo = GogoTV;
		};
		7E84B70E1EA62F1800F99052 /* PBXContainerItemProxy */ = {
			isa = PBXContainerItemProxy;
			containerPortal = 7E84B6E11EA62F1700F99052 /* Project object */;
			proxyType = 1;
			remoteGlobalIDString = 7E84B6E81EA62F1700F99052;
			remoteInfo = GogoTV;
		};
/* End PBXContainerItemProxy section */

/* Begin PBXFileReference section */
		00C18D1DC395F65CEEF379C9 /* Pods-GogoTV.release.xcconfig */ = {isa = PBXFileReference; includeInIndex = 1; lastKnownFileType = text.xcconfig; name = "Pods-GogoTV.release.xcconfig"; path = "Pods/Target Support Files/Pods-GogoTV/Pods-GogoTV.release.xcconfig"; sourceTree = "<group>"; };
		38721A1C84778C9726271C62 /* Pods-GogoTVUITests.debug.xcconfig */ = {isa = PBXFileReference; includeInIndex = 1; lastKnownFileType = text.xcconfig; name = "Pods-GogoTVUITests.debug.xcconfig"; path = "Pods/Target Support Files/Pods-GogoTVUITests/Pods-GogoTVUITests.debug.xcconfig"; sourceTree = "<group>"; };
		4C2D78E4B80193E6DDE834D1 /* Pods-GogoTVTests.release.xcconfig */ = {isa = PBXFileReference; includeInIndex = 1; lastKnownFileType = text.xcconfig; name = "Pods-GogoTVTests.release.xcconfig"; path = "Pods/Target Support Files/Pods-GogoTVTests/Pods-GogoTVTests.release.xcconfig"; sourceTree = "<group>"; };
		7E1059311EADF551007F957F /* GNavigatorManager.h */ = {isa = PBXFileReference; fileEncoding = 4; lastKnownFileType = sourcecode.c.h; path = GNavigatorManager.h; sourceTree = "<group>"; };
		7E1059321EADF551007F957F /* GNavigatorManager.m */ = {isa = PBXFileReference; fileEncoding = 4; lastKnownFileType = sourcecode.c.objc; path = GNavigatorManager.m; sourceTree = "<group>"; };
		7E1059341EADF551007F957F /* GNavigationViewController.h */ = {isa = PBXFileReference; fileEncoding = 4; lastKnownFileType = sourcecode.c.h; path = GNavigationViewController.h; sourceTree = "<group>"; };
		7E1059351EADF551007F957F /* GNavigationViewController.m */ = {isa = PBXFileReference; fileEncoding = 4; lastKnownFileType = sourcecode.c.objc; path = GNavigationViewController.m; sourceTree = "<group>"; };
		7E10593A1EADF551007F957F /* GBridgeManager.h */ = {isa = PBXFileReference; fileEncoding = 4; lastKnownFileType = sourcecode.c.h; path = GBridgeManager.h; sourceTree = "<group>"; };
		7E10593B1EADF551007F957F /* GBridgeManager.m */ = {isa = PBXFileReference; fileEncoding = 4; lastKnownFileType = sourcecode.c.objc; path = GBridgeManager.m; sourceTree = "<group>"; };
		7E10593D1EADF551007F957F /* GAppRCTModule.h */ = {isa = PBXFileReference; fileEncoding = 4; lastKnownFileType = sourcecode.c.h; path = GAppRCTModule.h; sourceTree = "<group>"; };
		7E10593E1EADF551007F957F /* GAppRCTModule.m */ = {isa = PBXFileReference; fileEncoding = 4; lastKnownFileType = sourcecode.c.objc; path = GAppRCTModule.m; sourceTree = "<group>"; };
		7E1059401EADF551007F957F /* GRCTViewController.h */ = {isa = PBXFileReference; fileEncoding = 4; lastKnownFileType = sourcecode.c.h; path = GRCTViewController.h; sourceTree = "<group>"; };
		7E1059411EADF551007F957F /* GRCTViewController.m */ = {isa = PBXFileReference; fileEncoding = 4; lastKnownFileType = sourcecode.c.objc; path = GRCTViewController.m; sourceTree = "<group>"; };
		7E1059431EADF551007F957F /* GUtil.h */ = {isa = PBXFileReference; fileEncoding = 4; lastKnownFileType = sourcecode.c.h; path = GUtil.h; sourceTree = "<group>"; };
		7E1059441EADF551007F957F /* GUtil.m */ = {isa = PBXFileReference; fileEncoding = 4; lastKnownFileType = sourcecode.c.objc; path = GUtil.m; sourceTree = "<group>"; };
		7E1777931EB97E020018678F /* AudioToolbox.framework */ = {isa = PBXFileReference; lastKnownFileType = wrapper.framework; name = AudioToolbox.framework; path = System/Library/Frameworks/AudioToolbox.framework; sourceTree = SDKROOT; };
		7E1777951EB97E0F0018678F /* AVFoundation.framework */ = {isa = PBXFileReference; lastKnownFileType = wrapper.framework; name = AVFoundation.framework; path = System/Library/Frameworks/AVFoundation.framework; sourceTree = SDKROOT; };
		7E1777971EB97E180018678F /* CoreGraphics.framework */ = {isa = PBXFileReference; lastKnownFileType = wrapper.framework; name = CoreGraphics.framework; path = System/Library/Frameworks/CoreGraphics.framework; sourceTree = SDKROOT; };
		7E1777991EB97E220018678F /* CoreMedia.framework */ = {isa = PBXFileReference; lastKnownFileType = wrapper.framework; name = CoreMedia.framework; path = System/Library/Frameworks/CoreMedia.framework; sourceTree = SDKROOT; };
		7E17779B1EB97E280018678F /* CoreVideo.framework */ = {isa = PBXFileReference; lastKnownFileType = wrapper.framework; name = CoreVideo.framework; path = System/Library/Frameworks/CoreVideo.framework; sourceTree = SDKROOT; };
		7E17779D1EB97E300018678F /* libbz2.tbd */ = {isa = PBXFileReference; lastKnownFileType = "sourcecode.text-based-dylib-definition"; name = libbz2.tbd; path = usr/lib/libbz2.tbd; sourceTree = SDKROOT; };
		7E17779F1EB97E3A0018678F /* libz.tbd */ = {isa = PBXFileReference; lastKnownFileType = "sourcecode.text-based-dylib-definition"; name = libz.tbd; path = usr/lib/libz.tbd; sourceTree = SDKROOT; };
		7E1777A11EB97E400018678F /* MediaPlayer.framework */ = {isa = PBXFileReference; lastKnownFileType = wrapper.framework; name = MediaPlayer.framework; path = System/Library/Frameworks/MediaPlayer.framework; sourceTree = SDKROOT; };
		7E1777A31EB97E480018678F /* MobileCoreServices.framework */ = {isa = PBXFileReference; lastKnownFileType = wrapper.framework; name = MobileCoreServices.framework; path = System/Library/Frameworks/MobileCoreServices.framework; sourceTree = SDKROOT; };
		7E1777A51EB97E500018678F /* OpenGLES.framework */ = {isa = PBXFileReference; lastKnownFileType = wrapper.framework; name = OpenGLES.framework; path = System/Library/Frameworks/OpenGLES.framework; sourceTree = SDKROOT; };
		7E1777A71EB97E560018678F /* QuartzCore.framework */ = {isa = PBXFileReference; lastKnownFileType = wrapper.framework; name = QuartzCore.framework; path = System/Library/Frameworks/QuartzCore.framework; sourceTree = SDKROOT; };
		7E1777A91EB97E5F0018678F /* UIKit.framework */ = {isa = PBXFileReference; lastKnownFileType = wrapper.framework; name = UIKit.framework; path = System/Library/Frameworks/UIKit.framework; sourceTree = SDKROOT; };
		7E1777AB1EB97E670018678F /* VideoToolbox.framework */ = {isa = PBXFileReference; lastKnownFileType = wrapper.framework; name = VideoToolbox.framework; path = System/Library/Frameworks/VideoToolbox.framework; sourceTree = SDKROOT; };
		7E1777AD1EB97EC00018678F /* TestPlayerViewController.h */ = {isa = PBXFileReference; fileEncoding = 4; lastKnownFileType = sourcecode.c.h; path = TestPlayerViewController.h; sourceTree = "<group>"; };
		7E1777AE1EB97EC00018678F /* TestPlayerViewController.m */ = {isa = PBXFileReference; fileEncoding = 4; lastKnownFileType = sourcecode.c.objc; path = TestPlayerViewController.m; sourceTree = "<group>"; };
		7E1777F21EB985110018678F /* IJKMediaPlayer.xcodeproj */ = {isa = PBXFileReference; lastKnownFileType = "wrapper.pb-project"; name = IJKMediaPlayer.xcodeproj; path = "Projects/ijkplayer-ios/ios/IJKMediaPlayer/IJKMediaPlayer.xcodeproj"; sourceTree = "<group>"; };
		7E17780A1EB988CB0018678F /* IJKMediaDemo.xcodeproj */ = {isa = PBXFileReference; lastKnownFileType = "wrapper.pb-project"; name = IJKMediaDemo.xcodeproj; path = "Projects/ijkplayer-ios/ios/IJKMediaDemo/IJKMediaDemo.xcodeproj"; sourceTree = "<group>"; };
		7E2676151EC1E36B0075E025 /* libRCTAnimation.a */ = {isa = PBXFileReference; lastKnownFileType = archive.ar; name = libRCTAnimation.a; path = "../../../../../Library/Developer/Xcode/DerivedData/GogoTV-hedhaqxkljrbhjgbyzthuecnybda/Build/Products/Debug-iphonesimulator/libRCTAnimation.a"; sourceTree = "<group>"; };
		7E2676171EC1E3FB0075E025 /* RCTAnimation.xcodeproj */ = {isa = PBXFileReference; lastKnownFileType = "wrapper.pb-project"; name = RCTAnimation.xcodeproj; path = "../react_native/node_modules/react-native/Libraries/NativeAnimation/RCTAnimation.xcodeproj"; sourceTree = "<group>"; };
		7E82F6FC1EA700FF005BC047 /* libAFNetworking.a */ = {isa = PBXFileReference; lastKnownFileType = archive.ar; name = libAFNetworking.a; path = "Pods/../build/Debug-iphoneos/AFNetworking/libAFNetworking.a"; sourceTree = "<group>"; };
		7E84B6E91EA62F1700F99052 /* GogoTV.app */ = {isa = PBXFileReference; explicitFileType = wrapper.application; includeInIndex = 0; path = GogoTV.app; sourceTree = BUILT_PRODUCTS_DIR; };
		7E84B6ED1EA62F1800F99052 /* main.m */ = {isa = PBXFileReference; lastKnownFileType = sourcecode.c.objc; path = main.m; sourceTree = "<group>"; };
		7E84B6EF1EA62F1800F99052 /* AppDelegate.h */ = {isa = PBXFileReference; lastKnownFileType = sourcecode.c.h; path = AppDelegate.h; sourceTree = "<group>"; };
		7E84B6F01EA62F1800F99052 /* AppDelegate.m */ = {isa = PBXFileReference; lastKnownFileType = sourcecode.c.objc; path = AppDelegate.m; sourceTree = "<group>"; };
		7E84B6F81EA62F1800F99052 /* Assets.xcassets */ = {isa = PBXFileReference; lastKnownFileType = folder.assetcatalog; path = Assets.xcassets; sourceTree = "<group>"; };
		7E84B6FB1EA62F1800F99052 /* Base */ = {isa = PBXFileReference; lastKnownFileType = file.storyboard; name = Base; path = Base.lproj/LaunchScreen.storyboard; sourceTree = "<group>"; };
		7E84B6FD1EA62F1800F99052 /* Info.plist */ = {isa = PBXFileReference; lastKnownFileType = text.plist.xml; path = Info.plist; sourceTree = "<group>"; };
		7E84B7021EA62F1800F99052 /* GogoTVTests.xctest */ = {isa = PBXFileReference; explicitFileType = wrapper.cfbundle; includeInIndex = 0; path = GogoTVTests.xctest; sourceTree = BUILT_PRODUCTS_DIR; };
		7E84B7061EA62F1800F99052 /* GogoTVTests.m */ = {isa = PBXFileReference; lastKnownFileType = sourcecode.c.objc; path = GogoTVTests.m; sourceTree = "<group>"; };
		7E84B7081EA62F1800F99052 /* Info.plist */ = {isa = PBXFileReference; lastKnownFileType = text.plist.xml; path = Info.plist; sourceTree = "<group>"; };
		7E84B70D1EA62F1800F99052 /* GogoTVUITests.xctest */ = {isa = PBXFileReference; explicitFileType = wrapper.cfbundle; includeInIndex = 0; path = GogoTVUITests.xctest; sourceTree = BUILT_PRODUCTS_DIR; };
		7E84B7111EA62F1800F99052 /* GogoTVUITests.m */ = {isa = PBXFileReference; lastKnownFileType = sourcecode.c.objc; path = GogoTVUITests.m; sourceTree = "<group>"; };
		7E84B7131EA62F1800F99052 /* Info.plist */ = {isa = PBXFileReference; lastKnownFileType = text.plist.xml; path = Info.plist; sourceTree = "<group>"; };
		7E970CB21EB1C0B2009D4DFD /* GRootViewController.h */ = {isa = PBXFileReference; fileEncoding = 4; lastKnownFileType = sourcecode.c.h; path = GRootViewController.h; sourceTree = "<group>"; };
		7E970CB31EB1C0B2009D4DFD /* GRootViewController.m */ = {isa = PBXFileReference; fileEncoding = 4; lastKnownFileType = sourcecode.c.objc; path = GRootViewController.m; sourceTree = "<group>"; };
		7EA8A15B1EB1C5EB0071F521 /* PrefixHeader.pch */ = {isa = PBXFileReference; lastKnownFileType = sourcecode.c.h; path = PrefixHeader.pch; sourceTree = "<group>"; };
		7EB738581EB22A51003AB74A /* GNavigationRCTModule.h */ = {isa = PBXFileReference; fileEncoding = 4; lastKnownFileType = sourcecode.c.h; path = GNavigationRCTModule.h; sourceTree = "<group>"; };
		7EB738591EB22A51003AB74A /* GNavigationRCTModule.m */ = {isa = PBXFileReference; fileEncoding = 4; lastKnownFileType = sourcecode.c.objc; path = GNavigationRCTModule.m; sourceTree = "<group>"; };
		967B128B2D3861E5473E978B /* libPods-GogoTV.a */ = {isa = PBXFileReference; explicitFileType = archive.ar; includeInIndex = 0; path = "libPods-GogoTV.a"; sourceTree = BUILT_PRODUCTS_DIR; };
		9BBCFA86BA985B8156FF769D /* libPods-GogoTVUITests.a */ = {isa = PBXFileReference; explicitFileType = archive.ar; includeInIndex = 0; path = "libPods-GogoTVUITests.a"; sourceTree = BUILT_PRODUCTS_DIR; };
		A7F16A2E410081E5D0B59CA6 /* Pods-GogoTVTests.debug.xcconfig */ = {isa = PBXFileReference; includeInIndex = 1; lastKnownFileType = text.xcconfig; name = "Pods-GogoTVTests.debug.xcconfig"; path = "Pods/Target Support Files/Pods-GogoTVTests/Pods-GogoTVTests.debug.xcconfig"; sourceTree = "<group>"; };
		E61A6A45BCAEDE49B7084F5E /* Pods-GogoTV.debug.xcconfig */ = {isa = PBXFileReference; includeInIndex = 1; lastKnownFileType = text.xcconfig; name = "Pods-GogoTV.debug.xcconfig"; path = "Pods/Target Support Files/Pods-GogoTV/Pods-GogoTV.debug.xcconfig"; sourceTree = "<group>"; };
		F405630DDE50A853E86FDFCD /* Pods-GogoTVUITests.release.xcconfig */ = {isa = PBXFileReference; includeInIndex = 1; lastKnownFileType = text.xcconfig; name = "Pods-GogoTVUITests.release.xcconfig"; path = "Pods/Target Support Files/Pods-GogoTVUITests/Pods-GogoTVUITests.release.xcconfig"; sourceTree = "<group>"; };
		F5C95B916F984FF89612EBB2 /* libPods-GogoTVTests.a */ = {isa = PBXFileReference; explicitFileType = archive.ar; includeInIndex = 0; path = "libPods-GogoTVTests.a"; sourceTree = BUILT_PRODUCTS_DIR; };
/* End PBXFileReference section */

/* Begin PBXFrameworksBuildPhase section */
		7E84B6E61EA62F1700F99052 /* Frameworks */ = {
			isa = PBXFrameworksBuildPhase;
			buildActionMask = 2147483647;
			files = (
				7E2676221EC1E4070075E025 /* libRCTAnimation.a in Frameworks */,
				7E1778091EB988A50018678F /* IJKMediaFramework.framework in Frameworks */,
				7E1777AC1EB97E670018678F /* VideoToolbox.framework in Frameworks */,
				7E1777AA1EB97E5F0018678F /* UIKit.framework in Frameworks */,
				7E1777A81EB97E560018678F /* QuartzCore.framework in Frameworks */,
				7E1777A61EB97E500018678F /* OpenGLES.framework in Frameworks */,
				7E1777A41EB97E480018678F /* MobileCoreServices.framework in Frameworks */,
				7E1777A21EB97E400018678F /* MediaPlayer.framework in Frameworks */,
				7E1777A01EB97E3A0018678F /* libz.tbd in Frameworks */,
				7E17779E1EB97E300018678F /* libbz2.tbd in Frameworks */,
				7E17779C1EB97E280018678F /* CoreVideo.framework in Frameworks */,
				7E17779A1EB97E220018678F /* CoreMedia.framework in Frameworks */,
				7E1777981EB97E180018678F /* CoreGraphics.framework in Frameworks */,
				7E1777961EB97E0F0018678F /* AVFoundation.framework in Frameworks */,
				7E1777941EB97E020018678F /* AudioToolbox.framework in Frameworks */,
				B82C6A15E5144B430558EF4C /* libPods-GogoTV.a in Frameworks */,
			);
			runOnlyForDeploymentPostprocessing = 0;
		};
		7E84B6FF1EA62F1800F99052 /* Frameworks */ = {
			isa = PBXFrameworksBuildPhase;
			buildActionMask = 2147483647;
			files = (
				5073A8D3D2913A4FF5D25B34 /* libPods-GogoTVTests.a in Frameworks */,
			);
			runOnlyForDeploymentPostprocessing = 0;
		};
		7E84B70A1EA62F1800F99052 /* Frameworks */ = {
			isa = PBXFrameworksBuildPhase;
			buildActionMask = 2147483647;
			files = (
				22396DDDB393E75700681363 /* libPods-GogoTVUITests.a in Frameworks */,
			);
			runOnlyForDeploymentPostprocessing = 0;
		};
/* End PBXFrameworksBuildPhase section */

/* Begin PBXGroup section */
		419621EA407E1A391D9693EB /* Pods */ = {
			isa = PBXGroup;
			children = (
				E61A6A45BCAEDE49B7084F5E /* Pods-GogoTV.debug.xcconfig */,
				00C18D1DC395F65CEEF379C9 /* Pods-GogoTV.release.xcconfig */,
				A7F16A2E410081E5D0B59CA6 /* Pods-GogoTVTests.debug.xcconfig */,
				4C2D78E4B80193E6DDE834D1 /* Pods-GogoTVTests.release.xcconfig */,
				38721A1C84778C9726271C62 /* Pods-GogoTVUITests.debug.xcconfig */,
				F405630DDE50A853E86FDFCD /* Pods-GogoTVUITests.release.xcconfig */,
			);
			name = Pods;
			sourceTree = "<group>";
		};
		4A05B01E44626BD0D4F59E77 /* Frameworks */ = {
			isa = PBXGroup;
			children = (
				7E2676151EC1E36B0075E025 /* libRCTAnimation.a */,
				7E1777AB1EB97E670018678F /* VideoToolbox.framework */,
				7E1777A91EB97E5F0018678F /* UIKit.framework */,
				7E1777A71EB97E560018678F /* QuartzCore.framework */,
				7E1777A51EB97E500018678F /* OpenGLES.framework */,
				7E1777A31EB97E480018678F /* MobileCoreServices.framework */,
				7E1777A11EB97E400018678F /* MediaPlayer.framework */,
				7E17779F1EB97E3A0018678F /* libz.tbd */,
				7E17779D1EB97E300018678F /* libbz2.tbd */,
				7E17779B1EB97E280018678F /* CoreVideo.framework */,
				7E1777991EB97E220018678F /* CoreMedia.framework */,
				7E1777971EB97E180018678F /* CoreGraphics.framework */,
				7E1777951EB97E0F0018678F /* AVFoundation.framework */,
				7E1777931EB97E020018678F /* AudioToolbox.framework */,
				7E82F6FC1EA700FF005BC047 /* libAFNetworking.a */,
				967B128B2D3861E5473E978B /* libPods-GogoTV.a */,
				F5C95B916F984FF89612EBB2 /* libPods-GogoTVTests.a */,
				9BBCFA86BA985B8156FF769D /* libPods-GogoTVUITests.a */,
			);
			name = Frameworks;
			sourceTree = "<group>";
		};
		7E10592E1EADF551007F957F /* Source */ = {
			isa = PBXGroup;
			children = (
				7E10592F1EADF551007F957F /* GogoTV */,
				7E1059381EADF551007F957F /* ReactNative */,
				7E1059421EADF551007F957F /* Util */,
			);
			path = Source;
			sourceTree = "<group>";
		};
		7E10592F1EADF551007F957F /* GogoTV */ = {
			isa = PBXGroup;
			children = (
				7E1059301EADF551007F957F /* Base */,
				7E1059331EADF551007F957F /* UI */,
			);
			path = GogoTV;
			sourceTree = "<group>";
		};
		7E1059301EADF551007F957F /* Base */ = {
			isa = PBXGroup;
			children = (
				7E1059311EADF551007F957F /* GNavigatorManager.h */,
				7E1059321EADF551007F957F /* GNavigatorManager.m */,
			);
			path = Base;
			sourceTree = "<group>";
		};
		7E1059331EADF551007F957F /* UI */ = {
			isa = PBXGroup;
			children = (
				7E1059341EADF551007F957F /* GNavigationViewController.h */,
				7E1059351EADF551007F957F /* GNavigationViewController.m */,
				7E970CB21EB1C0B2009D4DFD /* GRootViewController.h */,
				7E970CB31EB1C0B2009D4DFD /* GRootViewController.m */,
			);
			path = UI;
			sourceTree = "<group>";
		};
		7E1059381EADF551007F957F /* ReactNative */ = {
			isa = PBXGroup;
			children = (
				7E1059391EADF551007F957F /* Base */,
				7E10593C1EADF551007F957F /* ReactNativeModules */,
				7E10593F1EADF551007F957F /* UI */,
			);
			path = ReactNative;
			sourceTree = "<group>";
		};
		7E1059391EADF551007F957F /* Base */ = {
			isa = PBXGroup;
			children = (
				7E10593A1EADF551007F957F /* GBridgeManager.h */,
				7E10593B1EADF551007F957F /* GBridgeManager.m */,
			);
			path = Base;
			sourceTree = "<group>";
		};
		7E10593C1EADF551007F957F /* ReactNativeModules */ = {
			isa = PBXGroup;
			children = (
				7E10593D1EADF551007F957F /* GAppRCTModule.h */,
				7E10593E1EADF551007F957F /* GAppRCTModule.m */,
				7EB738581EB22A51003AB74A /* GNavigationRCTModule.h */,
				7EB738591EB22A51003AB74A /* GNavigationRCTModule.m */,
			);
			path = ReactNativeModules;
			sourceTree = "<group>";
		};
		7E10593F1EADF551007F957F /* UI */ = {
			isa = PBXGroup;
			children = (
				7E1059401EADF551007F957F /* GRCTViewController.h */,
				7E1059411EADF551007F957F /* GRCTViewController.m */,
			);
			path = UI;
			sourceTree = "<group>";
		};
		7E1059421EADF551007F957F /* Util */ = {
			isa = PBXGroup;
			children = (
				7E1059431EADF551007F957F /* GUtil.h */,
				7E1059441EADF551007F957F /* GUtil.m */,
			);
			path = Util;
			sourceTree = "<group>";
		};
		7E1777F31EB985110018678F /* Products */ = {
			isa = PBXGroup;
			children = (
				7E1777F91EB985110018678F /* IJKMediaFramework.framework */,
				7E1777FB1EB985110018678F /* IJKMediaFrameworkWithSSL.framework */,
				7E1777FD1EB985110018678F /* IJKMediaFrameworkTests.xctest */,
			);
			name = Products;
			sourceTree = "<group>";
		};
		7E17780B1EB988CB0018678F /* Products */ = {
			isa = PBXGroup;
			children = (
				7E1778101EB988CC0018678F /* IJKMediaDemo.app */,
			);
			name = Products;
			sourceTree = "<group>";
		};
		7E2676181EC1E3FB0075E025 /* Products */ = {
			isa = PBXGroup;
			children = (
				7E26761D1EC1E3FB0075E025 /* libRCTAnimation.a */,
				7E26761F1EC1E3FB0075E025 /* libRCTAnimation-tvOS.a */,
			);
			name = Products;
			sourceTree = "<group>";
		};
		7E84B6E01EA62F1700F99052 = {
			isa = PBXGroup;
			children = (
				7EA103D21EB97BB4000627AD /* Projects */,
				7E10592E1EADF551007F957F /* Source */,
				7E84B6EB1EA62F1800F99052 /* GogoTV */,
				7E84B7051EA62F1800F99052 /* GogoTVTests */,
				7E84B7101EA62F1800F99052 /* GogoTVUITests */,
				7E84B6EA1EA62F1700F99052 /* Products */,
				419621EA407E1A391D9693EB /* Pods */,
				4A05B01E44626BD0D4F59E77 /* Frameworks */,
			);
			sourceTree = "<group>";
		};
		7E84B6EA1EA62F1700F99052 /* Products */ = {
			isa = PBXGroup;
			children = (
				7E84B6E91EA62F1700F99052 /* GogoTV.app */,
				7E84B7021EA62F1800F99052 /* GogoTVTests.xctest */,
				7E84B70D1EA62F1800F99052 /* GogoTVUITests.xctest */,
			);
			name = Products;
			sourceTree = "<group>";
		};
		7E84B6EB1EA62F1800F99052 /* GogoTV */ = {
			isa = PBXGroup;
			children = (
				7EA8A15B1EB1C5EB0071F521 /* PrefixHeader.pch */,
				7E84B6EF1EA62F1800F99052 /* AppDelegate.h */,
				7E84B6F01EA62F1800F99052 /* AppDelegate.m */,
				7E84B6F81EA62F1800F99052 /* Assets.xcassets */,
				7E84B6FA1EA62F1800F99052 /* LaunchScreen.storyboard */,
				7E84B6FD1EA62F1800F99052 /* Info.plist */,
				7E84B6EC1EA62F1800F99052 /* Supporting Files */,
				7E1777AD1EB97EC00018678F /* TestPlayerViewController.h */,
				7E1777AE1EB97EC00018678F /* TestPlayerViewController.m */,
			);
			path = GogoTV;
			sourceTree = "<group>";
		};
		7E84B6EC1EA62F1800F99052 /* Supporting Files */ = {
			isa = PBXGroup;
			children = (
				7E84B6ED1EA62F1800F99052 /* main.m */,
			);
			name = "Supporting Files";
			sourceTree = "<group>";
		};
		7E84B7051EA62F1800F99052 /* GogoTVTests */ = {
			isa = PBXGroup;
			children = (
				7E84B7061EA62F1800F99052 /* GogoTVTests.m */,
				7E84B7081EA62F1800F99052 /* Info.plist */,
			);
			path = GogoTVTests;
			sourceTree = "<group>";
		};
		7E84B7101EA62F1800F99052 /* GogoTVUITests */ = {
			isa = PBXGroup;
			children = (
				7E84B7111EA62F1800F99052 /* GogoTVUITests.m */,
				7E84B7131EA62F1800F99052 /* Info.plist */,
			);
			path = GogoTVUITests;
			sourceTree = "<group>";
		};
		7EA103D21EB97BB4000627AD /* Projects */ = {
			isa = PBXGroup;
			children = (
				7E2676171EC1E3FB0075E025 /* RCTAnimation.xcodeproj */,
				7E17780A1EB988CB0018678F /* IJKMediaDemo.xcodeproj */,
				7E1777F21EB985110018678F /* IJKMediaPlayer.xcodeproj */,
			);
			name = Projects;
			sourceTree = "<group>";
		};
/* End PBXGroup section */

/* Begin PBXNativeTarget section */
		7E84B6E81EA62F1700F99052 /* GogoTV */ = {
			isa = PBXNativeTarget;
			buildConfigurationList = 7E84B7161EA62F1800F99052 /* Build configuration list for PBXNativeTarget "GogoTV" */;
			buildPhases = (
				06009BB94E097BC30DEBC746 /* [CP] Check Pods Manifest.lock */,
				7E84B6E51EA62F1700F99052 /* Sources */,
				7E84B6E61EA62F1700F99052 /* Frameworks */,
				7E84B6E71EA62F1700F99052 /* Resources */,
				6CCE852103BD1054BF72488D /* [CP] Embed Pods Frameworks */,
				6C8D6E07BC171853D3FCED5E /* [CP] Copy Pods Resources */,
				7E5B0D401EA704CD000BBDA1 /* ShellScript */,
			);
			buildRules = (
			);
			dependencies = (
				7E2676211EC1E4010075E025 /* PBXTargetDependency */,
				7E1778081EB9870A0018678F /* PBXTargetDependency */,
			);
			name = GogoTV;
			productName = GogoTV;
			productReference = 7E84B6E91EA62F1700F99052 /* GogoTV.app */;
			productType = "com.apple.product-type.application";
		};
		7E84B7011EA62F1800F99052 /* GogoTVTests */ = {
			isa = PBXNativeTarget;
			buildConfigurationList = 7E84B7191EA62F1800F99052 /* Build configuration list for PBXNativeTarget "GogoTVTests" */;
			buildPhases = (
				45429322F871A796571E0E2C /* [CP] Check Pods Manifest.lock */,
				7E84B6FE1EA62F1800F99052 /* Sources */,
				7E84B6FF1EA62F1800F99052 /* Frameworks */,
				7E84B7001EA62F1800F99052 /* Resources */,
				E04499895BF77A71BFD4DFE1 /* [CP] Embed Pods Frameworks */,
				689B11E14217A35B092E5A53 /* [CP] Copy Pods Resources */,
			);
			buildRules = (
			);
			dependencies = (
				7E84B7041EA62F1800F99052 /* PBXTargetDependency */,
			);
			name = GogoTVTests;
			productName = GogoTVTests;
			productReference = 7E84B7021EA62F1800F99052 /* GogoTVTests.xctest */;
			productType = "com.apple.product-type.bundle.unit-test";
		};
		7E84B70C1EA62F1800F99052 /* GogoTVUITests */ = {
			isa = PBXNativeTarget;
			buildConfigurationList = 7E84B71C1EA62F1800F99052 /* Build configuration list for PBXNativeTarget "GogoTVUITests" */;
			buildPhases = (
				5658556C400F6B67B77C9C4C /* [CP] Check Pods Manifest.lock */,
				7E84B7091EA62F1800F99052 /* Sources */,
				7E84B70A1EA62F1800F99052 /* Frameworks */,
				7E84B70B1EA62F1800F99052 /* Resources */,
				0FE600F1570E668647BA387B /* [CP] Embed Pods Frameworks */,
				F057F029305A24F912128956 /* [CP] Copy Pods Resources */,
			);
			buildRules = (
			);
			dependencies = (
				7E84B70F1EA62F1800F99052 /* PBXTargetDependency */,
			);
			name = GogoTVUITests;
			productName = GogoTVUITests;
			productReference = 7E84B70D1EA62F1800F99052 /* GogoTVUITests.xctest */;
			productType = "com.apple.product-type.bundle.ui-testing";
		};
/* End PBXNativeTarget section */

/* Begin PBXProject section */
		7E84B6E11EA62F1700F99052 /* Project object */ = {
			isa = PBXProject;
			attributes = {
				LastUpgradeCheck = 0730;
				ORGANIZATIONNAME = "朱国清";
				TargetAttributes = {
					7E84B6E81EA62F1700F99052 = {
						CreatedOnToolsVersion = 7.3.1;
					};
					7E84B7011EA62F1800F99052 = {
						CreatedOnToolsVersion = 7.3.1;
						TestTargetID = 7E84B6E81EA62F1700F99052;
					};
					7E84B70C1EA62F1800F99052 = {
						CreatedOnToolsVersion = 7.3.1;
						TestTargetID = 7E84B6E81EA62F1700F99052;
					};
				};
			};
			buildConfigurationList = 7E84B6E41EA62F1700F99052 /* Build configuration list for PBXProject "GogoTV" */;
			compatibilityVersion = "Xcode 3.2";
			developmentRegion = English;
			hasScannedForEncodings = 0;
			knownRegions = (
				en,
				Base,
			);
			mainGroup = 7E84B6E01EA62F1700F99052;
			productRefGroup = 7E84B6EA1EA62F1700F99052 /* Products */;
			projectDirPath = "";
			projectReferences = (
				{
					ProductGroup = 7E17780B1EB988CB0018678F /* Products */;
					ProjectRef = 7E17780A1EB988CB0018678F /* IJKMediaDemo.xcodeproj */;
				},
				{
					ProductGroup = 7E1777F31EB985110018678F /* Products */;
					ProjectRef = 7E1777F21EB985110018678F /* IJKMediaPlayer.xcodeproj */;
				},
				{
					ProductGroup = 7E2676181EC1E3FB0075E025 /* Products */;
					ProjectRef = 7E2676171EC1E3FB0075E025 /* RCTAnimation.xcodeproj */;
				},
			);
			projectRoot = "";
			targets = (
				7E84B6E81EA62F1700F99052 /* GogoTV */,
				7E84B7011EA62F1800F99052 /* GogoTVTests */,
				7E84B70C1EA62F1800F99052 /* GogoTVUITests */,
			);
		};
/* End PBXProject section */

/* Begin PBXReferenceProxy section */
		7E1777F91EB985110018678F /* IJKMediaFramework.framework */ = {
			isa = PBXReferenceProxy;
			fileType = wrapper.framework;
			path = IJKMediaFramework.framework;
			remoteRef = 7E1777F81EB985110018678F /* PBXContainerItemProxy */;
			sourceTree = BUILT_PRODUCTS_DIR;
		};
		7E1777FB1EB985110018678F /* IJKMediaFrameworkWithSSL.framework */ = {
			isa = PBXReferenceProxy;
			fileType = wrapper.framework;
			path = IJKMediaFrameworkWithSSL.framework;
			remoteRef = 7E1777FA1EB985110018678F /* PBXContainerItemProxy */;
			sourceTree = BUILT_PRODUCTS_DIR;
		};
		7E1777FD1EB985110018678F /* IJKMediaFrameworkTests.xctest */ = {
			isa = PBXReferenceProxy;
			fileType = wrapper.cfbundle;
			path = IJKMediaFrameworkTests.xctest;
			remoteRef = 7E1777FC1EB985110018678F /* PBXContainerItemProxy */;
			sourceTree = BUILT_PRODUCTS_DIR;
		};
		7E1778101EB988CC0018678F /* IJKMediaDemo.app */ = {
			isa = PBXReferenceProxy;
			fileType = wrapper.application;
			path = IJKMediaDemo.app;
			remoteRef = 7E17780F1EB988CC0018678F /* PBXContainerItemProxy */;
			sourceTree = BUILT_PRODUCTS_DIR;
		};
		7E26761D1EC1E3FB0075E025 /* libRCTAnimation.a */ = {
			isa = PBXReferenceProxy;
			fileType = archive.ar;
			path = libRCTAnimation.a;
			remoteRef = 7E26761C1EC1E3FB0075E025 /* PBXContainerItemProxy */;
			sourceTree = BUILT_PRODUCTS_DIR;
		};
		7E26761F1EC1E3FB0075E025 /* libRCTAnimation-tvOS.a */ = {
			isa = PBXReferenceProxy;
			fileType = archive.ar;
			path = "libRCTAnimation-tvOS.a";
			remoteRef = 7E26761E1EC1E3FB0075E025 /* PBXContainerItemProxy */;
			sourceTree = BUILT_PRODUCTS_DIR;
		};
/* End PBXReferenceProxy section */

/* Begin PBXResourcesBuildPhase section */
		7E84B6E71EA62F1700F99052 /* Resources */ = {
			isa = PBXResourcesBuildPhase;
			buildActionMask = 2147483647;
			files = (
				7E84B6FC1EA62F1800F99052 /* LaunchScreen.storyboard in Resources */,
				7E84B6F91EA62F1800F99052 /* Assets.xcassets in Resources */,
			);
			runOnlyForDeploymentPostprocessing = 0;
		};
		7E84B7001EA62F1800F99052 /* Resources */ = {
			isa = PBXResourcesBuildPhase;
			buildActionMask = 2147483647;
			files = (
			);
			runOnlyForDeploymentPostprocessing = 0;
		};
		7E84B70B1EA62F1800F99052 /* Resources */ = {
			isa = PBXResourcesBuildPhase;
			buildActionMask = 2147483647;
			files = (
			);
			runOnlyForDeploymentPostprocessing = 0;
		};
/* End PBXResourcesBuildPhase section */

/* Begin PBXShellScriptBuildPhase section */
		06009BB94E097BC30DEBC746 /* [CP] Check Pods Manifest.lock */ = {
			isa = PBXShellScriptBuildPhase;
			buildActionMask = 2147483647;
			files = (
			);
			inputPaths = (
			);
			name = "[CP] Check Pods Manifest.lock";
			outputPaths = (
			);
			runOnlyForDeploymentPostprocessing = 0;
			shellPath = /bin/sh;
			shellScript = "diff \"${PODS_PODFILE_DIR_PATH}/Podfile.lock\" \"${PODS_ROOT}/Manifest.lock\" > /dev/null\nif [ $? != 0 ] ; then\n    # print error to STDERR\n    echo \"error: The sandbox is not in sync with the Podfile.lock. Run 'pod install' or update your CocoaPods installation.\" >&2\n    exit 1\nfi\n";
			showEnvVarsInLog = 0;
		};
		0FE600F1570E668647BA387B /* [CP] Embed Pods Frameworks */ = {
			isa = PBXShellScriptBuildPhase;
			buildActionMask = 2147483647;
			files = (
			);
			inputPaths = (
			);
			name = "[CP] Embed Pods Frameworks";
			outputPaths = (
			);
			runOnlyForDeploymentPostprocessing = 0;
			shellPath = /bin/sh;
			shellScript = "\"${SRCROOT}/Pods/Target Support Files/Pods-GogoTVUITests/Pods-GogoTVUITests-frameworks.sh\"\n";
			showEnvVarsInLog = 0;
		};
		45429322F871A796571E0E2C /* [CP] Check Pods Manifest.lock */ = {
			isa = PBXShellScriptBuildPhase;
			buildActionMask = 2147483647;
			files = (
			);
			inputPaths = (
			);
			name = "[CP] Check Pods Manifest.lock";
			outputPaths = (
			);
			runOnlyForDeploymentPostprocessing = 0;
			shellPath = /bin/sh;
			shellScript = "diff \"${PODS_PODFILE_DIR_PATH}/Podfile.lock\" \"${PODS_ROOT}/Manifest.lock\" > /dev/null\nif [ $? != 0 ] ; then\n    # print error to STDERR\n    echo \"error: The sandbox is not in sync with the Podfile.lock. Run 'pod install' or update your CocoaPods installation.\" >&2\n    exit 1\nfi\n";
			showEnvVarsInLog = 0;
		};
		5658556C400F6B67B77C9C4C /* [CP] Check Pods Manifest.lock */ = {
			isa = PBXShellScriptBuildPhase;
			buildActionMask = 2147483647;
			files = (
			);
			inputPaths = (
			);
			name = "[CP] Check Pods Manifest.lock";
			outputPaths = (
			);
			runOnlyForDeploymentPostprocessing = 0;
			shellPath = /bin/sh;
			shellScript = "diff \"${PODS_PODFILE_DIR_PATH}/Podfile.lock\" \"${PODS_ROOT}/Manifest.lock\" > /dev/null\nif [ $? != 0 ] ; then\n    # print error to STDERR\n    echo \"error: The sandbox is not in sync with the Podfile.lock. Run 'pod install' or update your CocoaPods installation.\" >&2\n    exit 1\nfi\n";
			showEnvVarsInLog = 0;
		};
		689B11E14217A35B092E5A53 /* [CP] Copy Pods Resources */ = {
			isa = PBXShellScriptBuildPhase;
			buildActionMask = 2147483647;
			files = (
			);
			inputPaths = (
			);
			name = "[CP] Copy Pods Resources";
			outputPaths = (
			);
			runOnlyForDeploymentPostprocessing = 0;
			shellPath = /bin/sh;
			shellScript = "\"${SRCROOT}/Pods/Target Support Files/Pods-GogoTVTests/Pods-GogoTVTests-resources.sh\"\n";
			showEnvVarsInLog = 0;
		};
		6C8D6E07BC171853D3FCED5E /* [CP] Copy Pods Resources */ = {
			isa = PBXShellScriptBuildPhase;
			buildActionMask = 2147483647;
			files = (
			);
			inputPaths = (
			);
			name = "[CP] Copy Pods Resources";
			outputPaths = (
			);
			runOnlyForDeploymentPostprocessing = 0;
			shellPath = /bin/sh;
			shellScript = "\"${SRCROOT}/Pods/Target Support Files/Pods-GogoTV/Pods-GogoTV-resources.sh\"\n";
			showEnvVarsInLog = 0;
		};
		6CCE852103BD1054BF72488D /* [CP] Embed Pods Frameworks */ = {
			isa = PBXShellScriptBuildPhase;
			buildActionMask = 2147483647;
			files = (
			);
			inputPaths = (
			);
			name = "[CP] Embed Pods Frameworks";
			outputPaths = (
			);
			runOnlyForDeploymentPostprocessing = 0;
			shellPath = /bin/sh;
			shellScript = "\"${SRCROOT}/Pods/Target Support Files/Pods-GogoTV/Pods-GogoTV-frameworks.sh\"\n";
			showEnvVarsInLog = 0;
		};
		7E5B0D401EA704CD000BBDA1 /* ShellScript */ = {
			isa = PBXShellScriptBuildPhase;
			buildActionMask = 2147483647;
			files = (
			);
			inputPaths = (
			);
			outputPaths = (
			);
			runOnlyForDeploymentPostprocessing = 0;
			shellPath = /bin/sh;
			shellScript = "export NODE_BINARY=node\n../react_native/node_modules/react-native/packager/react-native-xcode.sh";
		};
		E04499895BF77A71BFD4DFE1 /* [CP] Embed Pods Frameworks */ = {
			isa = PBXShellScriptBuildPhase;
			buildActionMask = 2147483647;
			files = (
			);
			inputPaths = (
			);
			name = "[CP] Embed Pods Frameworks";
			outputPaths = (
			);
			runOnlyForDeploymentPostprocessing = 0;
			shellPath = /bin/sh;
			shellScript = "\"${SRCROOT}/Pods/Target Support Files/Pods-GogoTVTests/Pods-GogoTVTests-frameworks.sh\"\n";
			showEnvVarsInLog = 0;
		};
		F057F029305A24F912128956 /* [CP] Copy Pods Resources */ = {
			isa = PBXShellScriptBuildPhase;
			buildActionMask = 2147483647;
			files = (
			);
			inputPaths = (
			);
			name = "[CP] Copy Pods Resources";
			outputPaths = (
			);
			runOnlyForDeploymentPostprocessing = 0;
			shellPath = /bin/sh;
			shellScript = "\"${SRCROOT}/Pods/Target Support Files/Pods-GogoTVUITests/Pods-GogoTVUITests-resources.sh\"\n";
			showEnvVarsInLog = 0;
		};
/* End PBXShellScriptBuildPhase section */

/* Begin PBXSourcesBuildPhase section */
		7E84B6E51EA62F1700F99052 /* Sources */ = {
			isa = PBXSourcesBuildPhase;
			buildActionMask = 2147483647;
			files = (
				7E10594B1EADF551007F957F /* GUtil.m in Sources */,
				7E1059481EADF551007F957F /* GBridgeManager.m in Sources */,
				7E1059461EADF551007F957F /* GNavigationViewController.m in Sources */,
				7EB7385A1EB22A51003AB74A /* GNavigationRCTModule.m in Sources */,
				7E1059491EADF551007F957F /* GAppRCTModule.m in Sources */,
				7E84B6F11EA62F1800F99052 /* AppDelegate.m in Sources */,
				7E1777B01EB97EC00018678F /* TestPlayerViewController.m in Sources */,
				7E970CB41EB1C0B2009D4DFD /* GRootViewController.m in Sources */,
				7E84B6EE1EA62F1800F99052 /* main.m in Sources */,
				7E10594A1EADF551007F957F /* GRCTViewController.m in Sources */,
				7E1059451EADF551007F957F /* GNavigatorManager.m in Sources */,
			);
			runOnlyForDeploymentPostprocessing = 0;
		};
		7E84B6FE1EA62F1800F99052 /* Sources */ = {
			isa = PBXSourcesBuildPhase;
			buildActionMask = 2147483647;
			files = (
				7E84B7071EA62F1800F99052 /* GogoTVTests.m in Sources */,
			);
			runOnlyForDeploymentPostprocessing = 0;
		};
		7E84B7091EA62F1800F99052 /* Sources */ = {
			isa = PBXSourcesBuildPhase;
			buildActionMask = 2147483647;
			files = (
				7E84B7121EA62F1800F99052 /* GogoTVUITests.m in Sources */,
			);
			runOnlyForDeploymentPostprocessing = 0;
		};
/* End PBXSourcesBuildPhase section */

/* Begin PBXTargetDependency section */
		7E1778081EB9870A0018678F /* PBXTargetDependency */ = {
			isa = PBXTargetDependency;
			name = IJKMediaFramework;
			targetProxy = 7E1778071EB9870A0018678F /* PBXContainerItemProxy */;
		};
		7E2676211EC1E4010075E025 /* PBXTargetDependency */ = {
			isa = PBXTargetDependency;
			name = RCTAnimation;
			targetProxy = 7E2676201EC1E4010075E025 /* PBXContainerItemProxy */;
		};
		7E84B7041EA62F1800F99052 /* PBXTargetDependency */ = {
			isa = PBXTargetDependency;
			target = 7E84B6E81EA62F1700F99052 /* GogoTV */;
			targetProxy = 7E84B7031EA62F1800F99052 /* PBXContainerItemProxy */;
		};
		7E84B70F1EA62F1800F99052 /* PBXTargetDependency */ = {
			isa = PBXTargetDependency;
			target = 7E84B6E81EA62F1700F99052 /* GogoTV */;
			targetProxy = 7E84B70E1EA62F1800F99052 /* PBXContainerItemProxy */;
		};
/* End PBXTargetDependency section */

/* Begin PBXVariantGroup section */
		7E84B6FA1EA62F1800F99052 /* LaunchScreen.storyboard */ = {
			isa = PBXVariantGroup;
			children = (
				7E84B6FB1EA62F1800F99052 /* Base */,
			);
			name = LaunchScreen.storyboard;
			sourceTree = "<group>";
		};
/* End PBXVariantGroup section */

/* Begin XCBuildConfiguration section */
		7E84B7141EA62F1800F99052 /* Debug */ = {
			isa = XCBuildConfiguration;
			buildSettings = {
				ALWAYS_SEARCH_USER_PATHS = NO;
				CLANG_ANALYZER_NONNULL = YES;
				CLANG_CXX_LANGUAGE_STANDARD = "gnu++0x";
				CLANG_CXX_LIBRARY = "libc++";
				CLANG_ENABLE_MODULES = YES;
				CLANG_ENABLE_OBJC_ARC = YES;
				CLANG_WARN_BOOL_CONVERSION = YES;
				CLANG_WARN_CONSTANT_CONVERSION = YES;
				CLANG_WARN_DIRECT_OBJC_ISA_USAGE = YES_ERROR;
				CLANG_WARN_EMPTY_BODY = YES;
				CLANG_WARN_ENUM_CONVERSION = YES;
				CLANG_WARN_INT_CONVERSION = YES;
				CLANG_WARN_OBJC_ROOT_CLASS = YES_ERROR;
				CLANG_WARN_UNREACHABLE_CODE = YES;
				CLANG_WARN__DUPLICATE_METHOD_MATCH = YES;
				"CODE_SIGN_IDENTITY[sdk=iphoneos*]" = "iPhone Developer";
				COPY_PHASE_STRIP = NO;
				DEBUG_INFORMATION_FORMAT = dwarf;
				ENABLE_STRICT_OBJC_MSGSEND = YES;
				ENABLE_TESTABILITY = YES;
				GCC_C_LANGUAGE_STANDARD = gnu99;
				GCC_DYNAMIC_NO_PIC = NO;
				GCC_NO_COMMON_BLOCKS = YES;
				GCC_OPTIMIZATION_LEVEL = 0;
				GCC_PREPROCESSOR_DEFINITIONS = (
					"DEBUG=1",
					"$(inherited)",
				);
				GCC_WARN_64_TO_32_BIT_CONVERSION = YES;
				GCC_WARN_ABOUT_RETURN_TYPE = YES_ERROR;
				GCC_WARN_UNDECLARED_SELECTOR = YES;
				GCC_WARN_UNINITIALIZED_AUTOS = YES_AGGRESSIVE;
				GCC_WARN_UNUSED_FUNCTION = YES;
				GCC_WARN_UNUSED_VARIABLE = YES;
				IPHONEOS_DEPLOYMENT_TARGET = 9.3;
				MTL_ENABLE_DEBUG_INFO = YES;
				ONLY_ACTIVE_ARCH = YES;
				SDKROOT = iphoneos;
			};
			name = Debug;
		};
		7E84B7151EA62F1800F99052 /* Release */ = {
			isa = XCBuildConfiguration;
			buildSettings = {
				ALWAYS_SEARCH_USER_PATHS = NO;
				CLANG_ANALYZER_NONNULL = YES;
				CLANG_CXX_LANGUAGE_STANDARD = "gnu++0x";
				CLANG_CXX_LIBRARY = "libc++";
				CLANG_ENABLE_MODULES = YES;
				CLANG_ENABLE_OBJC_ARC = YES;
				CLANG_WARN_BOOL_CONVERSION = YES;
				CLANG_WARN_CONSTANT_CONVERSION = YES;
				CLANG_WARN_DIRECT_OBJC_ISA_USAGE = YES_ERROR;
				CLANG_WARN_EMPTY_BODY = YES;
				CLANG_WARN_ENUM_CONVERSION = YES;
				CLANG_WARN_INT_CONVERSION = YES;
				CLANG_WARN_OBJC_ROOT_CLASS = YES_ERROR;
				CLANG_WARN_UNREACHABLE_CODE = YES;
				CLANG_WARN__DUPLICATE_METHOD_MATCH = YES;
				"CODE_SIGN_IDENTITY[sdk=iphoneos*]" = "iPhone Developer";
				COPY_PHASE_STRIP = NO;
				DEBUG_INFORMATION_FORMAT = "dwarf-with-dsym";
				ENABLE_NS_ASSERTIONS = NO;
				ENABLE_STRICT_OBJC_MSGSEND = YES;
				GCC_C_LANGUAGE_STANDARD = gnu99;
				GCC_NO_COMMON_BLOCKS = YES;
				GCC_WARN_64_TO_32_BIT_CONVERSION = YES;
				GCC_WARN_ABOUT_RETURN_TYPE = YES_ERROR;
				GCC_WARN_UNDECLARED_SELECTOR = YES;
				GCC_WARN_UNINITIALIZED_AUTOS = YES_AGGRESSIVE;
				GCC_WARN_UNUSED_FUNCTION = YES;
				GCC_WARN_UNUSED_VARIABLE = YES;
				IPHONEOS_DEPLOYMENT_TARGET = 9.3;
				MTL_ENABLE_DEBUG_INFO = NO;
				SDKROOT = iphoneos;
				VALIDATE_PRODUCT = YES;
			};
			name = Release;
		};
		7E84B7171EA62F1800F99052 /* Debug */ = {
			isa = XCBuildConfiguration;
			baseConfigurationReference = E61A6A45BCAEDE49B7084F5E /* Pods-GogoTV.debug.xcconfig */;
			buildSettings = {
				ASSETCATALOG_COMPILER_APPICON_NAME = AppIcon;
				CLANG_ENABLE_OBJC_WEAK = NO;
				GCC_PREFIX_HEADER = GogoTV/PrefixHeader.pch;
				INFOPLIST_FILE = GogoTV/Info.plist;
				IPHONEOS_DEPLOYMENT_TARGET = 9.0;
				LD_RUNPATH_SEARCH_PATHS = "$(inherited) @executable_path/Frameworks";
				LIBRARY_SEARCH_PATHS = (
					"$(inherited)",
					"$(PROJECT_DIR)/build/Debug-iphoneos/AFNetworking",
				);
				OTHER_LDFLAGS = " $(inherited)";
				OTHER_LIBTOOLFLAGS = " $(inherited)";
				PRODUCT_BUNDLE_IDENTIFIER = com.guoqing.GogoTV;
				PRODUCT_NAME = "$(TARGET_NAME)";
			};
			name = Debug;
		};
		7E84B7181EA62F1800F99052 /* Release */ = {
			isa = XCBuildConfiguration;
			baseConfigurationReference = 00C18D1DC395F65CEEF379C9 /* Pods-GogoTV.release.xcconfig */;
			buildSettings = {
				ASSETCATALOG_COMPILER_APPICON_NAME = AppIcon;
				CLANG_ENABLE_OBJC_WEAK = NO;
				GCC_PREFIX_HEADER = GogoTV/PrefixHeader.pch;
				INFOPLIST_FILE = GogoTV/Info.plist;
				IPHONEOS_DEPLOYMENT_TARGET = 9.0;
				LD_RUNPATH_SEARCH_PATHS = "$(inherited) @executable_path/Frameworks";
				LIBRARY_SEARCH_PATHS = (
					"$(inherited)",
					"$(PROJECT_DIR)/build/Debug-iphoneos/AFNetworking",
				);
				OTHER_LDFLAGS = " $(inherited)";
				OTHER_LIBTOOLFLAGS = " $(inherited)";
				PRODUCT_BUNDLE_IDENTIFIER = com.guoqing.GogoTV;
				PRODUCT_NAME = "$(TARGET_NAME)";
			};
			name = Release;
		};
		7E84B71A1EA62F1800F99052 /* Debug */ = {
			isa = XCBuildConfiguration;
			baseConfigurationReference = A7F16A2E410081E5D0B59CA6 /* Pods-GogoTVTests.debug.xcconfig */;
			buildSettings = {
				BUNDLE_LOADER = "$(TEST_HOST)";
				INFOPLIST_FILE = GogoTVTests/Info.plist;
				LD_RUNPATH_SEARCH_PATHS = "$(inherited) @executable_path/Frameworks @loader_path/Frameworks";
				PRODUCT_BUNDLE_IDENTIFIER = com.guoqing.GogoTVTests;
				PRODUCT_NAME = "$(TARGET_NAME)";
				TEST_HOST = "$(BUILT_PRODUCTS_DIR)/GogoTV.app/GogoTV";
			};
			name = Debug;
		};
		7E84B71B1EA62F1800F99052 /* Release */ = {
			isa = XCBuildConfiguration;
			baseConfigurationReference = 4C2D78E4B80193E6DDE834D1 /* Pods-GogoTVTests.release.xcconfig */;
			buildSettings = {
				BUNDLE_LOADER = "$(TEST_HOST)";
				INFOPLIST_FILE = GogoTVTests/Info.plist;
				LD_RUNPATH_SEARCH_PATHS = "$(inherited) @executable_path/Frameworks @loader_path/Frameworks";
				PRODUCT_BUNDLE_IDENTIFIER = com.guoqing.GogoTVTests;
				PRODUCT_NAME = "$(TARGET_NAME)";
				TEST_HOST = "$(BUILT_PRODUCTS_DIR)/GogoTV.app/GogoTV";
			};
			name = Release;
		};
		7E84B71D1EA62F1800F99052 /* Debug */ = {
			isa = XCBuildConfiguration;
			baseConfigurationReference = 38721A1C84778C9726271C62 /* Pods-GogoTVUITests.debug.xcconfig */;
			buildSettings = {
				INFOPLIST_FILE = GogoTVUITests/Info.plist;
				LD_RUNPATH_SEARCH_PATHS = "$(inherited) @executable_path/Frameworks @loader_path/Frameworks";
				PRODUCT_BUNDLE_IDENTIFIER = com.guoqing.GogoTVUITests;
				PRODUCT_NAME = "$(TARGET_NAME)";
				TEST_TARGET_NAME = GogoTV;
			};
			name = Debug;
		};
		7E84B71E1EA62F1800F99052 /* Release */ = {
			isa = XCBuildConfiguration;
			baseConfigurationReference = F405630DDE50A853E86FDFCD /* Pods-GogoTVUITests.release.xcconfig */;
			buildSettings = {
				INFOPLIST_FILE = GogoTVUITests/Info.plist;
				LD_RUNPATH_SEARCH_PATHS = "$(inherited) @executable_path/Frameworks @loader_path/Frameworks";
				PRODUCT_BUNDLE_IDENTIFIER = com.guoqing.GogoTVUITests;
				PRODUCT_NAME = "$(TARGET_NAME)";
				TEST_TARGET_NAME = GogoTV;
			};
			name = Release;
		};
/* End XCBuildConfiguration section */

/* Begin XCConfigurationList section */
		7E84B6E41EA62F1700F99052 /* Build configuration list for PBXProject "GogoTV" */ = {
			isa = XCConfigurationList;
			buildConfigurations = (
				7E84B7141EA62F1800F99052 /* Debug */,
				7E84B7151EA62F1800F99052 /* Release */,
			);
			defaultConfigurationIsVisible = 0;
			defaultConfigurationName = Release;
		};
		7E84B7161EA62F1800F99052 /* Build configuration list for PBXNativeTarget "GogoTV" */ = {
			isa = XCConfigurationList;
			buildConfigurations = (
				7E84B7171EA62F1800F99052 /* Debug */,
				7E84B7181EA62F1800F99052 /* Release */,
			);
			defaultConfigurationIsVisible = 0;
			defaultConfigurationName = Release;
		};
		7E84B7191EA62F1800F99052 /* Build configuration list for PBXNativeTarget "GogoTVTests" */ = {
			isa = XCConfigurationList;
			buildConfigurations = (
				7E84B71A1EA62F1800F99052 /* Debug */,
				7E84B71B1EA62F1800F99052 /* Release */,
			);
			defaultConfigurationIsVisible = 0;
			defaultConfigurationName = Release;
		};
		7E84B71C1EA62F1800F99052 /* Build configuration list for PBXNativeTarget "GogoTVUITests" */ = {
			isa = XCConfigurationList;
			buildConfigurations = (
				7E84B71D1EA62F1800F99052 /* Debug */,
				7E84B71E1EA62F1800F99052 /* Release */,
			);
			defaultConfigurationIsVisible = 0;
			defaultConfigurationName = Release;
		};
/* End XCConfigurationList section */
	};
	rootObject = 7E84B6E11EA62F1700F99052 /* Project object */;
}
