PODS:
  - AFNetworking (2.6.3):
    - AFNetworking/NSURLConnection (= 2.6.3)
    - AFNetworking/NSURLSession (= 2.6.3)
    - AFNetworking/Reachability (= 2.6.3)
    - AFNetworking/Security (= 2.6.3)
    - AFNetworking/Serialization (= 2.6.3)
    - AFNetworking/UIKit (= 2.6.3)
  - AFNetworking/NSURLConnection (2.6.3):
    - AFNetworking/Reachability
    - AFNetworking/Security
    - AFNetworking/Serialization
  - AFNetworking/NSURLSession (2.6.3):
    - AFNetworking/Reachability
    - AFNetworking/Security
    - AFNetworking/Serialization
  - AFNetworking/Reachability (2.6.3)
  - AFNetworking/Security (2.6.3)
  - AFNetworking/Serialization (2.6.3)
  - AFNetworking/UIKit (2.6.3):
    - AFNetworking/NSURLConnection
    - AFNetworking/NSURLSession
  - Masonry (1.0.2)
  - React/Core (0.38.0)
  - React/RCTActionSheet (0.38.0):
    - React/Core
  - React/RCTGeolocation (0.38.0):
    - React/Core
  - React/RCTImage (0.38.0):
    - React/Core
    - React/RCTNetwork
  - React/RCTNetwork (0.38.0):
    - React/Core
  - React/RCTSettings (0.38.0):
    - React/Core
  - React/RCTText (0.38.0):
    - React/Core
  - React/RCTVibration (0.38.0):
    - React/Core
  - React/RCTWebSocket (0.38.0):
    - React/Core

DEPENDENCIES:
  - AFNetworking (~> 2.0)
  - Masonry
  - React/Core (from `./../react_native/node_modules/react-native`)
  - React/RCTActionSheet (from `./../react_native/node_modules/react-native`)
  - React/RCTGeolocation (from `./../react_native/node_modules/react-native`)
  - React/RCTImage (from `./../react_native/node_modules/react-native`)
  - React/RCTNetwork (from `./../react_native/node_modules/react-native`)
  - React/RCTSettings (from `./../react_native/node_modules/react-native`)
  - React/RCTText (from `./../react_native/node_modules/react-native`)
  - React/RCTVibration (from `./../react_native/node_modules/react-native`)
  - React/RCTWebSocket (from `./../react_native/node_modules/react-native`)

EXTERNAL SOURCES:
  React:
    :path: "./../react_native/node_modules/react-native"

SPEC CHECKSUMS:
  AFNetworking: cb8d14a848e831097108418f5d49217339d4eb60
  Masonry: 7c429b56da9d4ee0bbb3ed77a5ea710d6a5df39e
  React: 3cdd13d7c8f6ad5c20216aa83e032f0ce4087944

PODFILE CHECKSUM: b482608dc88b35ae7131ab429c22b8b230be0618

COCOAPODS: 1.1.1
